// !$*UTF8*$!
{
	archiveVersion = 1;
	classes = {
	};
	objectVersion = 51;
	objects = {

/* Begin PBXBuildFile section */
		21C6B1CEB2F7BF4478A57186 /* Pods_SensorDataApp.framework in Frameworks */ = {isa = PBXBuildFile; fileRef = 9734824C4FCE938BE52A38F1 /* Pods_SensorDataApp.framework */; };
		2A0DBF6F266222DB0092AD27 /* AppDelegate.swift in Sources */ = {isa = PBXBuildFile; fileRef = 2A0DBF6E266222DB0092AD27 /* AppDelegate.swift */; };
		2A0DBF71266222DB0092AD27 /* SceneDelegate.swift in Sources */ = {isa = PBXBuildFile; fileRef = 2A0DBF70266222DB0092AD27 /* SceneDelegate.swift */; };
		2A0DBF73266222DB0092AD27 /* ViewController.swift in Sources */ = {isa = PBXBuildFile; fileRef = 2A0DBF72266222DB0092AD27 /* ViewController.swift */; };
		2A0DBF76266222DB0092AD27 /* Main.storyboard in Resources */ = {isa = PBXBuildFile; fileRef = 2A0DBF74266222DB0092AD27 /* Main.storyboard */; };
		2A0DBF79266222DB0092AD27 /* SensorDataApp.xcdatamodeld in Sources */ = {isa = PBXBuildFile; fileRef = 2A0DBF77266222DB0092AD27 /* SensorDataApp.xcdatamodeld */; };
		2A0DBF7B266222DD0092AD27 /* Assets.xcassets in Resources */ = {isa = PBXBuildFile; fileRef = 2A0DBF7A266222DD0092AD27 /* Assets.xcassets */; };
		2A0DBF7E266222DD0092AD27 /* LaunchScreen.storyboard in Resources */ = {isa = PBXBuildFile; fileRef = 2A0DBF7C266222DD0092AD27 /* LaunchScreen.storyboard */; };
		2A0DBF8D266228FC0092AD27 /* DeviceCollectionViewCell.swift in Sources */ = {isa = PBXBuildFile; fileRef = 2A0DBF8C266228FC0092AD27 /* DeviceCollectionViewCell.swift */; };
		2A0DBF9226624A920092AD27 /* ApiConstants.swift in Sources */ = {isa = PBXBuildFile; fileRef = 2A0DBF9126624A910092AD27 /* ApiConstants.swift */; };
		2A0DBF97266252EB0092AD27 /* DeviceListContracts.swift in Sources */ = {isa = PBXBuildFile; fileRef = 2A0DBF96266252EB0092AD27 /* DeviceListContracts.swift */; };
		2A0DBF9E266254B30092AD27 /* ApiService.swift in Sources */ = {isa = PBXBuildFile; fileRef = 2A0DBF9D266254B30092AD27 /* ApiService.swift */; };
		2A0DBFA4266265930092AD27 /* Device+CoreDataClass.swift in Sources */ = {isa = PBXBuildFile; fileRef = 2A0DBFA0266265930092AD27 /* Device+CoreDataClass.swift */; };
		2A0DBFA5266265930092AD27 /* Device+CoreDataProperties.swift in Sources */ = {isa = PBXBuildFile; fileRef = 2A0DBFA1266265930092AD27 /* Device+CoreDataProperties.swift */; };
		2A0DBFA6266265930092AD27 /* Reading+CoreDataClass.swift in Sources */ = {isa = PBXBuildFile; fileRef = 2A0DBFA2266265930092AD27 /* Reading+CoreDataClass.swift */; };
		2A0DBFA7266265930092AD27 /* Reading+CoreDataProperties.swift in Sources */ = {isa = PBXBuildFile; fileRef = 2A0DBFA3266265930092AD27 /* Reading+CoreDataProperties.swift */; };
		2A0DBFB226626A610092AD27 /* DeviceListViewModel.swift in Sources */ = {isa = PBXBuildFile; fileRef = 2A0DBFB126626A610092AD27 /* DeviceListViewModel.swift */; };
		2A0DBFB726626DA40092AD27 /* AppContainer.swift in Sources */ = {isa = PBXBuildFile; fileRef = 2A0DBFB626626DA40092AD27 /* AppContainer.swift */; };
		2A0DBFBA26626DF20092AD27 /* AppRouter.swift in Sources */ = {isa = PBXBuildFile; fileRef = 2A0DBFB926626DF20092AD27 /* AppRouter.swift */; };
		2A0DBFBD26626E0C0092AD27 /* DeviceListBuilder.swift in Sources */ = {isa = PBXBuildFile; fileRef = 2A0DBFBC26626E0C0092AD27 /* DeviceListBuilder.swift */; };
		2A0DBFC02662770C0092AD27 /* CoreDataStack.swift in Sources */ = {isa = PBXBuildFile; fileRef = 2A0DBFBF2662770C0092AD27 /* CoreDataStack.swift */; };
		2A0DBFC42662816C0092AD27 /* BaseViewController.swift in Sources */ = {isa = PBXBuildFile; fileRef = 2A0DBFC32662816C0092AD27 /* BaseViewController.swift */; };
		2A602C192663AFCA001E9879 /* DeviceDetailViewController.swift in Sources */ = {isa = PBXBuildFile; fileRef = 2A602C182663AFCA001E9879 /* DeviceDetailViewController.swift */; };
		2A602C1C2663B096001E9879 /* ReadingTableViewCell.swift in Sources */ = {isa = PBXBuildFile; fileRef = 2A602C1B2663B096001E9879 /* ReadingTableViewCell.swift */; };
/* End PBXBuildFile section */

/* Begin PBXFileReference section */
		0A7D07C8D0EAB1F65CBEFE00 /* Pods-SensorDataApp.release.xcconfig */ = {isa = PBXFileReference; includeInIndex = 1; lastKnownFileType = text.xcconfig; name = "Pods-SensorDataApp.release.xcconfig"; path = "Target Support Files/Pods-SensorDataApp/Pods-SensorDataApp.release.xcconfig"; sourceTree = "<group>"; };
		141493ABC64B50737538DBC9 /* Pods-SensorDataApp.debug.xcconfig */ = {isa = PBXFileReference; includeInIndex = 1; lastKnownFileType = text.xcconfig; name = "Pods-SensorDataApp.debug.xcconfig"; path = "Target Support Files/Pods-SensorDataApp/Pods-SensorDataApp.debug.xcconfig"; sourceTree = "<group>"; };
		2A0DBF6B266222DB0092AD27 /* SensorDataApp.app */ = {isa = PBXFileReference; explicitFileType = wrapper.application; includeInIndex = 0; path = SensorDataApp.app; sourceTree = BUILT_PRODUCTS_DIR; };
		2A0DBF6E266222DB0092AD27 /* AppDelegate.swift */ = {isa = PBXFileReference; lastKnownFileType = sourcecode.swift; path = AppDelegate.swift; sourceTree = "<group>"; };
		2A0DBF70266222DB0092AD27 /* SceneDelegate.swift */ = {isa = PBXFileReference; lastKnownFileType = sourcecode.swift; path = SceneDelegate.swift; sourceTree = "<group>"; };
		2A0DBF72266222DB0092AD27 /* ViewController.swift */ = {isa = PBXFileReference; lastKnownFileType = sourcecode.swift; path = ViewController.swift; sourceTree = "<group>"; };
		2A0DBF75266222DB0092AD27 /* Base */ = {isa = PBXFileReference; lastKnownFileType = file.storyboard; name = Base; path = Base.lproj/Main.storyboard; sourceTree = "<group>"; };
		2A0DBF78266222DB0092AD27 /* SensorDataApp.xcdatamodel */ = {isa = PBXFileReference; lastKnownFileType = wrapper.xcdatamodel; path = SensorDataApp.xcdatamodel; sourceTree = "<group>"; };
		2A0DBF7A266222DD0092AD27 /* Assets.xcassets */ = {isa = PBXFileReference; lastKnownFileType = folder.assetcatalog; path = Assets.xcassets; sourceTree = "<group>"; };
		2A0DBF7D266222DD0092AD27 /* Base */ = {isa = PBXFileReference; lastKnownFileType = file.storyboard; name = Base; path = Base.lproj/LaunchScreen.storyboard; sourceTree = "<group>"; };
		2A0DBF7F266222DD0092AD27 /* Info.plist */ = {isa = PBXFileReference; lastKnownFileType = text.plist.xml; path = Info.plist; sourceTree = "<group>"; };
		2A0DBF8C266228FC0092AD27 /* DeviceCollectionViewCell.swift */ = {isa = PBXFileReference; lastKnownFileType = sourcecode.swift; path = DeviceCollectionViewCell.swift; sourceTree = "<group>"; };
		2A0DBF9126624A910092AD27 /* ApiConstants.swift */ = {isa = PBXFileReference; lastKnownFileType = sourcecode.swift; path = ApiConstants.swift; sourceTree = "<group>"; };
		2A0DBF96266252EB0092AD27 /* DeviceListContracts.swift */ = {isa = PBXFileReference; lastKnownFileType = sourcecode.swift; path = DeviceListContracts.swift; sourceTree = "<group>"; };
		2A0DBF9D266254B30092AD27 /* ApiService.swift */ = {isa = PBXFileReference; lastKnownFileType = sourcecode.swift; path = ApiService.swift; sourceTree = "<group>"; };
		2A0DBFA0266265930092AD27 /* Device+CoreDataClass.swift */ = {isa = PBXFileReference; lastKnownFileType = sourcecode.swift; path = "Device+CoreDataClass.swift"; sourceTree = "<group>"; };
		2A0DBFA1266265930092AD27 /* Device+CoreDataProperties.swift */ = {isa = PBXFileReference; lastKnownFileType = sourcecode.swift; path = "Device+CoreDataProperties.swift"; sourceTree = "<group>"; };
		2A0DBFA2266265930092AD27 /* Reading+CoreDataClass.swift */ = {isa = PBXFileReference; lastKnownFileType = sourcecode.swift; path = "Reading+CoreDataClass.swift"; sourceTree = "<group>"; };
		2A0DBFA3266265930092AD27 /* Reading+CoreDataProperties.swift */ = {isa = PBXFileReference; lastKnownFileType = sourcecode.swift; path = "Reading+CoreDataProperties.swift"; sourceTree = "<group>"; };
		2A0DBFB126626A610092AD27 /* DeviceListViewModel.swift */ = {isa = PBXFileReference; lastKnownFileType = sourcecode.swift; path = DeviceListViewModel.swift; sourceTree = "<group>"; };
		2A0DBFB626626DA40092AD27 /* AppContainer.swift */ = {isa = PBXFileReference; lastKnownFileType = sourcecode.swift; path = AppContainer.swift; sourceTree = "<group>"; };
		2A0DBFB926626DF20092AD27 /* AppRouter.swift */ = {isa = PBXFileReference; lastKnownFileType = sourcecode.swift; path = AppRouter.swift; sourceTree = "<group>"; };
		2A0DBFBC26626E0C0092AD27 /* DeviceListBuilder.swift */ = {isa = PBXFileReference; lastKnownFileType = sourcecode.swift; path = DeviceListBuilder.swift; sourceTree = "<group>"; };
		2A0DBFBF2662770C0092AD27 /* CoreDataStack.swift */ = {isa = PBXFileReference; lastKnownFileType = sourcecode.swift; path = CoreDataStack.swift; sourceTree = "<group>"; };
		2A0DBFC32662816C0092AD27 /* BaseViewController.swift */ = {isa = PBXFileReference; lastKnownFileType = sourcecode.swift; path = BaseViewController.swift; sourceTree = "<group>"; };
		2A602C182663AFCA001E9879 /* DeviceDetailViewController.swift */ = {isa = PBXFileReference; lastKnownFileType = sourcecode.swift; path = DeviceDetailViewController.swift; sourceTree = "<group>"; };
		2A602C1B2663B096001E9879 /* ReadingTableViewCell.swift */ = {isa = PBXFileReference; lastKnownFileType = sourcecode.swift; path = ReadingTableViewCell.swift; sourceTree = "<group>"; };
		9734824C4FCE938BE52A38F1 /* Pods_SensorDataApp.framework */ = {isa = PBXFileReference; explicitFileType = wrapper.framework; includeInIndex = 0; path = Pods_SensorDataApp.framework; sourceTree = BUILT_PRODUCTS_DIR; };
/* End PBXFileReference section */

/* Begin PBXFrameworksBuildPhase section */
		2A0DBF68266222DB0092AD27 /* Frameworks */ = {
			isa = PBXFrameworksBuildPhase;
			buildActionMask = 2147483647;
			files = (
				21C6B1CEB2F7BF4478A57186 /* Pods_SensorDataApp.framework in Frameworks */,
			);
			runOnlyForDeploymentPostprocessing = 0;
		};
/* End PBXFrameworksBuildPhase section */

/* Begin PBXGroup section */
		2A0DBF62266222DB0092AD27 = {
			isa = PBXGroup;
			children = (
				2A0DBF6D266222DB0092AD27 /* SensorDataApp */,
				2A0DBF6C266222DB0092AD27 /* Products */,
				303192E3ACAF24CF0F87CF43 /* Pods */,
				94BBE9169F370144858FBA96 /* Frameworks */,
			);
			sourceTree = "<group>";
		};
		2A0DBF6C266222DB0092AD27 /* Products */ = {
			isa = PBXGroup;
			children = (
				2A0DBF6B266222DB0092AD27 /* SensorDataApp.app */,
			);
			name = Products;
			sourceTree = "<group>";
		};
		2A0DBF6D266222DB0092AD27 /* SensorDataApp */ = {
			isa = PBXGroup;
			children = (
				2A0DBFB526626D940092AD27 /* New Group */,
				2A0DBFAB266266460092AD27 /* Models */,
				2A0DBF95266250A70092AD27 /* Scenes */,
				2A0DBF8A266228CD0092AD27 /* Commons */,
				2A0DBF882662287E0092AD27 /* App */,
				2A0DBF87266228740092AD27 /* API */,
				2A0DBF6E266222DB0092AD27 /* AppDelegate.swift */,
				2A0DBF70266222DB0092AD27 /* SceneDelegate.swift */,
				2A0DBF74266222DB0092AD27 /* Main.storyboard */,
				2A0DBF7A266222DD0092AD27 /* Assets.xcassets */,
				2A0DBF7C266222DD0092AD27 /* LaunchScreen.storyboard */,
				2A0DBF7F266222DD0092AD27 /* Info.plist */,
				2A0DBF77266222DB0092AD27 /* SensorDataApp.xcdatamodeld */,
				2A0DBFBF2662770C0092AD27 /* CoreDataStack.swift */,
			);
			path = SensorDataApp;
			sourceTree = "<group>";
		};
		2A0DBF87266228740092AD27 /* API */ = {
			isa = PBXGroup;
			children = (
				2A0DBF9D266254B30092AD27 /* ApiService.swift */,
			);
			path = API;
			sourceTree = "<group>";
		};
		2A0DBF882662287E0092AD27 /* App */ = {
			isa = PBXGroup;
			children = (
				2A0DBFB626626DA40092AD27 /* AppContainer.swift */,
				2A0DBFB926626DF20092AD27 /* AppRouter.swift */,
			);
			path = App;
			sourceTree = "<group>";
		};
		2A0DBF8A266228CD0092AD27 /* Commons */ = {
			isa = PBXGroup;
			children = (
				2A0DBFC22662814E0092AD27 /* Base */,
				2A0DBF9026624A7E0092AD27 /* APIConstants */,
				2A0DBF8B266228D40092AD27 /* Views */,
			);
			path = Commons;
			sourceTree = "<group>";
		};
		2A0DBF8B266228D40092AD27 /* Views */ = {
			isa = PBXGroup;
			children = (
				2A0DBF8C266228FC0092AD27 /* DeviceCollectionViewCell.swift */,
			);
			path = Views;
			sourceTree = "<group>";
		};
		2A0DBF9026624A7E0092AD27 /* APIConstants */ = {
			isa = PBXGroup;
			children = (
				2A0DBF9126624A910092AD27 /* ApiConstants.swift */,
			);
			path = APIConstants;
			sourceTree = "<group>";
		};
		2A0DBF95266250A70092AD27 /* Scenes */ = {
			isa = PBXGroup;
			children = (
				2A0DBF9B266253070092AD27 /* DeviceDetail */,
				2A0DBF9A266252EF0092AD27 /* DeviceList */,
			);
			path = Scenes;
			sourceTree = "<group>";
		};
		2A0DBF9A266252EF0092AD27 /* DeviceList */ = {
			isa = PBXGroup;
			children = (
				2A0DBF96266252EB0092AD27 /* DeviceListContracts.swift */,
				2A0DBF72266222DB0092AD27 /* ViewController.swift */,
				2A0DBFB126626A610092AD27 /* DeviceListViewModel.swift */,
				2A0DBFBC26626E0C0092AD27 /* DeviceListBuilder.swift */,
			);
			path = DeviceList;
			sourceTree = "<group>";
		};
		2A0DBF9B266253070092AD27 /* DeviceDetail */ = {
			isa = PBXGroup;
			children = (
				2A602C182663AFCA001E9879 /* DeviceDetailViewController.swift */,
				2A602C1B2663B096001E9879 /* ReadingTableViewCell.swift */,
			);
			path = DeviceDetail;
			sourceTree = "<group>";
		};
		2A0DBFAB266266460092AD27 /* Models */ = {
			isa = PBXGroup;
			children = (
				2A0DBFA0266265930092AD27 /* Device+CoreDataClass.swift */,
				2A0DBFA1266265930092AD27 /* Device+CoreDataProperties.swift */,
				2A0DBFA2266265930092AD27 /* Reading+CoreDataClass.swift */,
				2A0DBFA3266265930092AD27 /* Reading+CoreDataProperties.swift */,
			);
			path = Models;
			sourceTree = "<group>";
		};
		2A0DBFB526626D940092AD27 /* New Group */ = {
			isa = PBXGroup;
			children = (
			);
			path = "New Group";
			sourceTree = "<group>";
		};
		2A0DBFC22662814E0092AD27 /* Base */ = {
			isa = PBXGroup;
			children = (
				2A0DBFC32662816C0092AD27 /* BaseViewController.swift */,
			);
			path = Base;
			sourceTree = "<group>";
		};
		303192E3ACAF24CF0F87CF43 /* Pods */ = {
			isa = PBXGroup;
			children = (
				141493ABC64B50737538DBC9 /* Pods-SensorDataApp.debug.xcconfig */,
				0A7D07C8D0EAB1F65CBEFE00 /* Pods-SensorDataApp.release.xcconfig */,
			);
			path = Pods;
			sourceTree = "<group>";
		};
		94BBE9169F370144858FBA96 /* Frameworks */ = {
			isa = PBXGroup;
			children = (
				9734824C4FCE938BE52A38F1 /* Pods_SensorDataApp.framework */,
			);
			name = Frameworks;
			sourceTree = "<group>";
		};
/* End PBXGroup section */

/* Begin PBXNativeTarget section */
		2A0DBF6A266222DB0092AD27 /* SensorDataApp */ = {
			isa = PBXNativeTarget;
			buildConfigurationList = 2A0DBF82266222DD0092AD27 /* Build configuration list for PBXNativeTarget "SensorDataApp" */;
			buildPhases = (
				560A3420B01A96419BB435A2 /* [CP] Check Pods Manifest.lock */,
				2A0DBF67266222DB0092AD27 /* Sources */,
				2A0DBF68266222DB0092AD27 /* Frameworks */,
				2A0DBF69266222DB0092AD27 /* Resources */,
				8DF2BD1AD160E4DBB96894CF /* [CP] Embed Pods Frameworks */,
			);
			buildRules = (
			);
			dependencies = (
			);
			name = SensorDataApp;
			productName = SensorDataApp;
			productReference = 2A0DBF6B266222DB0092AD27 /* SensorDataApp.app */;
			productType = "com.apple.product-type.application";
		};
/* End PBXNativeTarget section */

/* Begin PBXProject section */
		2A0DBF63266222DB0092AD27 /* Project object */ = {
			isa = PBXProject;
			attributes = {
				LastSwiftUpdateCheck = 1230;
				LastUpgradeCheck = 1230;
				TargetAttributes = {
					2A0DBF6A266222DB0092AD27 = {
						CreatedOnToolsVersion = 12.3;
					};
				};
			};
			buildConfigurationList = 2A0DBF66266222DB0092AD27 /* Build configuration list for PBXProject "SensorDataApp" */;
			compatibilityVersion = "Xcode 9.3";
			developmentRegion = en;
			hasScannedForEncodings = 0;
			knownRegions = (
				en,
				Base,
			);
			mainGroup = 2A0DBF62266222DB0092AD27;
			productRefGroup = 2A0DBF6C266222DB0092AD27 /* Products */;
			projectDirPath = "";
			projectRoot = "";
			targets = (
				2A0DBF6A266222DB0092AD27 /* SensorDataApp */,
			);
		};
/* End PBXProject section */

/* Begin PBXResourcesBuildPhase section */
		2A0DBF69266222DB0092AD27 /* Resources */ = {
			isa = PBXResourcesBuildPhase;
			buildActionMask = 2147483647;
			files = (
				2A0DBF7E266222DD0092AD27 /* LaunchScreen.storyboard in Resources */,
				2A0DBF7B266222DD0092AD27 /* Assets.xcassets in Resources */,
				2A0DBF76266222DB0092AD27 /* Main.storyboard in Resources */,
			);
			runOnlyForDeploymentPostprocessing = 0;
		};
/* End PBXResourcesBuildPhase section */

/* Begin PBXShellScriptBuildPhase section */
		560A3420B01A96419BB435A2 /* [CP] Check Pods Manifest.lock */ = {
			isa = PBXShellScriptBuildPhase;
			buildActionMask = 2147483647;
			files = (
			);
			inputFileListPaths = (
			);
			inputPaths = (
				"${PODS_PODFILE_DIR_PATH}/Podfile.lock",
				"${PODS_ROOT}/Manifest.lock",
			);
			name = "[CP] Check Pods Manifest.lock";
			outputFileListPaths = (
			);
			outputPaths = (
				"$(DERIVED_FILE_DIR)/Pods-SensorDataApp-checkManifestLockResult.txt",
			);
			runOnlyForDeploymentPostprocessing = 0;
			shellPath = /bin/sh;
			shellScript = "diff \"${PODS_PODFILE_DIR_PATH}/Podfile.lock\" \"${PODS_ROOT}/Manifest.lock\" > /dev/null\nif [ $? != 0 ] ; then\n    # print error to STDERR\n    echo \"error: The sandbox is not in sync with the Podfile.lock. Run 'pod install' or update your CocoaPods installation.\" >&2\n    exit 1\nfi\n# This output is used by Xcode 'outputs' to avoid re-running this script phase.\necho \"SUCCESS\" > \"${SCRIPT_OUTPUT_FILE_0}\"\n";
			showEnvVarsInLog = 0;
		};
		8DF2BD1AD160E4DBB96894CF /* [CP] Embed Pods Frameworks */ = {
			isa = PBXShellScriptBuildPhase;
			buildActionMask = 2147483647;
			files = (
			);
			inputFileListPaths = (
				"${PODS_ROOT}/Target Support Files/Pods-SensorDataApp/Pods-SensorDataApp-frameworks-${CONFIGURATION}-input-files.xcfilelist",
			);
			name = "[CP] Embed Pods Frameworks";
			outputFileListPaths = (
				"${PODS_ROOT}/Target Support Files/Pods-SensorDataApp/Pods-SensorDataApp-frameworks-${CONFIGURATION}-output-files.xcfilelist",
			);
			runOnlyForDeploymentPostprocessing = 0;
			shellPath = /bin/sh;
			shellScript = "\"${PODS_ROOT}/Target Support Files/Pods-SensorDataApp/Pods-SensorDataApp-frameworks.sh\"\n";
			showEnvVarsInLog = 0;
		};
/* End PBXShellScriptBuildPhase section */

/* Begin PBXSourcesBuildPhase section */
		2A0DBF67266222DB0092AD27 /* Sources */ = {
			isa = PBXSourcesBuildPhase;
			buildActionMask = 2147483647;
			files = (
				2A0DBF73266222DB0092AD27 /* ViewController.swift in Sources */,
				2A0DBF6F266222DB0092AD27 /* AppDelegate.swift in Sources */,
				2A0DBF9226624A920092AD27 /* ApiConstants.swift in Sources */,
				2A0DBF71266222DB0092AD27 /* SceneDelegate.swift in Sources */,
				2A0DBF97266252EB0092AD27 /* DeviceListContracts.swift in Sources */,
				2A0DBFC42662816C0092AD27 /* BaseViewController.swift in Sources */,
				2A0DBFBD26626E0C0092AD27 /* DeviceListBuilder.swift in Sources */,
				2A0DBF8D266228FC0092AD27 /* DeviceCollectionViewCell.swift in Sources */,
				2A0DBFA4266265930092AD27 /* Device+CoreDataClass.swift in Sources */,
				2A0DBFA5266265930092AD27 /* Device+CoreDataProperties.swift in Sources */,
				2A602C1C2663B096001E9879 /* ReadingTableViewCell.swift in Sources */,
				2A0DBFBA26626DF20092AD27 /* AppRouter.swift in Sources */,
				2A0DBFA7266265930092AD27 /* Reading+CoreDataProperties.swift in Sources */,
				2A602C192663AFCA001E9879 /* DeviceDetailViewController.swift in Sources */,
				2A0DBFB226626A610092AD27 /* DeviceListViewModel.swift in Sources */,
				2A0DBFC02662770C0092AD27 /* CoreDataStack.swift in Sources */,
				2A0DBFA6266265930092AD27 /* Reading+CoreDataClass.swift in Sources */,
				2A0DBF9E266254B30092AD27 /* ApiService.swift in Sources */,
				2A0DBF79266222DB0092AD27 /* SensorDataApp.xcdatamodeld in Sources */,
				2A0DBFB726626DA40092AD27 /* AppContainer.swift in Sources */,
			);
			runOnlyForDeploymentPostprocessing = 0;
		};
/* End PBXSourcesBuildPhase section */

/* Begin PBXVariantGroup section */
		2A0DBF74266222DB0092AD27 /* Main.storyboard */ = {
			isa = PBXVariantGroup;
			children = (
				2A0DBF75266222DB0092AD27 /* Base */,
			);
			name = Main.storyboard;
			sourceTree = "<group>";
		};
		2A0DBF7C266222DD0092AD27 /* LaunchScreen.storyboard */ = {
			isa = PBXVariantGroup;
			children = (
				2A0DBF7D266222DD0092AD27 /* Base */,
			);
			name = LaunchScreen.storyboard;
			sourceTree = "<group>";
		};
/* End PBXVariantGroup section */

/* Begin XCBuildConfiguration section */
		2A0DBF80266222DD0092AD27 /* Debug */ = {
			isa = XCBuildConfiguration;
			buildSettings = {
				ALWAYS_SEARCH_USER_PATHS = NO;
				CLANG_ANALYZER_NONNULL = YES;
				CLANG_ANALYZER_NUMBER_OBJECT_CONVERSION = YES_AGGRESSIVE;
				CLANG_CXX_LANGUAGE_STANDARD = "gnu++14";
				CLANG_CXX_LIBRARY = "libc++";
				CLANG_ENABLE_MODULES = YES;
				CLANG_ENABLE_OBJC_ARC = YES;
				CLANG_ENABLE_OBJC_WEAK = YES;
				CLANG_WARN_BLOCK_CAPTURE_AUTORELEASING = YES;
				CLANG_WARN_BOOL_CONVERSION = YES;
				CLANG_WARN_COMMA = YES;
				CLANG_WARN_CONSTANT_CONVERSION = YES;
				CLANG_WARN_DEPRECATED_OBJC_IMPLEMENTATIONS = YES;
				CLANG_WARN_DIRECT_OBJC_ISA_USAGE = YES_ERROR;
				CLANG_WARN_DOCUMENTATION_COMMENTS = YES;
				CLANG_WARN_EMPTY_BODY = YES;
				CLANG_WARN_ENUM_CONVERSION = YES;
				CLANG_WARN_INFINITE_RECURSION = YES;
				CLANG_WARN_INT_CONVERSION = YES;
				CLANG_WARN_NON_LITERAL_NULL_CONVERSION = YES;
				CLANG_WARN_OBJC_IMPLICIT_RETAIN_SELF = YES;
				CLANG_WARN_OBJC_LITERAL_CONVERSION = YES;
				CLANG_WARN_OBJC_ROOT_CLASS = YES_ERROR;
				CLANG_WARN_QUOTED_INCLUDE_IN_FRAMEWORK_HEADER = YES;
				CLANG_WARN_RANGE_LOOP_ANALYSIS = YES;
				CLANG_WARN_STRICT_PROTOTYPES = YES;
				CLANG_WARN_SUSPICIOUS_MOVE = YES;
				CLANG_WARN_UNGUARDED_AVAILABILITY = YES_AGGRESSIVE;
				CLANG_WARN_UNREACHABLE_CODE = YES;
				CLANG_WARN__DUPLICATE_METHOD_MATCH = YES;
				COPY_PHASE_STRIP = NO;
				DEBUG_INFORMATION_FORMAT = dwarf;
				ENABLE_STRICT_OBJC_MSGSEND = YES;
				ENABLE_TESTABILITY = YES;
				GCC_C_LANGUAGE_STANDARD = gnu11;
				GCC_DYNAMIC_NO_PIC = NO;
				GCC_NO_COMMON_BLOCKS = YES;
				GCC_OPTIMIZATION_LEVEL = 0;
				GCC_PREPROCESSOR_DEFINITIONS = (
					"DEBUG=1",
					"$(inherited)",
				);
				GCC_WARN_64_TO_32_BIT_CONVERSION = YES;
				GCC_WARN_ABOUT_RETURN_TYPE = YES_ERROR;
				GCC_WARN_UNDECLARED_SELECTOR = YES;
				GCC_WARN_UNINITIALIZED_AUTOS = YES_AGGRESSIVE;
				GCC_WARN_UNUSED_FUNCTION = YES;
				GCC_WARN_UNUSED_VARIABLE = YES;
				IPHONEOS_DEPLOYMENT_TARGET = 14.3;
				MTL_ENABLE_DEBUG_INFO = INCLUDE_SOURCE;
				MTL_FAST_MATH = YES;
				ONLY_ACTIVE_ARCH = YES;
				SDKROOT = iphoneos;
				SWIFT_ACTIVE_COMPILATION_CONDITIONS = DEBUG;
				SWIFT_OPTIMIZATION_LEVEL = "-Onone";
			};
			name = Debug;
		};
		2A0DBF81266222DD0092AD27 /* Release */ = {
			isa = XCBuildConfiguration;
			buildSettings = {
				ALWAYS_SEARCH_USER_PATHS = NO;
				CLANG_ANALYZER_NONNULL = YES;
				CLANG_ANALYZER_NUMBER_OBJECT_CONVERSION = YES_AGGRESSIVE;
				CLANG_CXX_LANGUAGE_STANDARD = "gnu++14";
				CLANG_CXX_LIBRARY = "libc++";
				CLANG_ENABLE_MODULES = YES;
				CLANG_ENABLE_OBJC_ARC = YES;
				CLANG_ENABLE_OBJC_WEAK = YES;
				CLANG_WARN_BLOCK_CAPTURE_AUTORELEASING = YES;
				CLANG_WARN_BOOL_CONVERSION = YES;
				CLANG_WARN_COMMA = YES;
				CLANG_WARN_CONSTANT_CONVERSION = YES;
				CLANG_WARN_DEPRECATED_OBJC_IMPLEMENTATIONS = YES;
				CLANG_WARN_DIRECT_OBJC_ISA_USAGE = YES_ERROR;
				CLANG_WARN_DOCUMENTATION_COMMENTS = YES;
				CLANG_WARN_EMPTY_BODY = YES;
				CLANG_WARN_ENUM_CONVERSION = YES;
				CLANG_WARN_INFINITE_RECURSION = YES;
				CLANG_WARN_INT_CONVERSION = YES;
				CLANG_WARN_NON_LITERAL_NULL_CONVERSION = YES;
				CLANG_WARN_OBJC_IMPLICIT_RETAIN_SELF = YES;
				CLANG_WARN_OBJC_LITERAL_CONVERSION = YES;
				CLANG_WARN_OBJC_ROOT_CLASS = YES_ERROR;
				CLANG_WARN_QUOTED_INCLUDE_IN_FRAMEWORK_HEADER = YES;
				CLANG_WARN_RANGE_LOOP_ANALYSIS = YES;
				CLANG_WARN_STRICT_PROTOTYPES = YES;
				CLANG_WARN_SUSPICIOUS_MOVE = YES;
				CLANG_WARN_UNGUARDED_AVAILABILITY = YES_AGGRESSIVE;
				CLANG_WARN_UNREACHABLE_CODE = YES;
				CLANG_WARN__DUPLICATE_METHOD_MATCH = YES;
				COPY_PHASE_STRIP = NO;
				DEBUG_INFORMATION_FORMAT = "dwarf-with-dsym";
				ENABLE_NS_ASSERTIONS = NO;
				ENABLE_STRICT_OBJC_MSGSEND = YES;
				GCC_C_LANGUAGE_STANDARD = gnu11;
				GCC_NO_COMMON_BLOCKS = YES;
				GCC_WARN_64_TO_32_BIT_CONVERSION = YES;
				GCC_WARN_ABOUT_RETURN_TYPE = YES_ERROR;
				GCC_WARN_UNDECLARED_SELECTOR = YES;
				GCC_WARN_UNINITIALIZED_AUTOS = YES_AGGRESSIVE;
				GCC_WARN_UNUSED_FUNCTION = YES;
				GCC_WARN_UNUSED_VARIABLE = YES;
				IPHONEOS_DEPLOYMENT_TARGET = 14.3;
				MTL_ENABLE_DEBUG_INFO = NO;
				MTL_FAST_MATH = YES;
				SDKROOT = iphoneos;
				SWIFT_COMPILATION_MODE = wholemodule;
				SWIFT_OPTIMIZATION_LEVEL = "-O";
				VALIDATE_PRODUCT = YES;
			};
			name = Release;
		};
		2A0DBF83266222DD0092AD27 /* Debug */ = {
			isa = XCBuildConfiguration;
			baseConfigurationReference = 141493ABC64B50737538DBC9 /* Pods-SensorDataApp.debug.xcconfig */;
			buildSettings = {
				ASSETCATALOG_COMPILER_APPICON_NAME = AppIcon;
				ASSETCATALOG_COMPILER_GLOBAL_ACCENT_COLOR_NAME = AccentColor;
				CODE_SIGN_STYLE = Automatic;
				DEVELOPMENT_TEAM = D954CAZSZD;
				INFOPLIST_FILE = SensorDataApp/Info.plist;
				IPHONEOS_DEPLOYMENT_TARGET = 13.0;
				LD_RUNPATH_SEARCH_PATHS = (
					"$(inherited)",
					"@executable_path/Frameworks",
				);
				PRODUCT_BUNDLE_IDENTIFIER = com.DenizCagilligecit.SensorDataApp;
				PRODUCT_NAME = "$(TARGET_NAME)";
				SWIFT_VERSION = 5.0;
				TARGETED_DEVICE_FAMILY = 1;
			};
			name = Debug;
		};
		2A0DBF84266222DD0092AD27 /* Release */ = {
			isa = XCBuildConfiguration;
			baseConfigurationReference = 0A7D07C8D0EAB1F65CBEFE00 /* Pods-SensorDataApp.release.xcconfig */;
			buildSettings = {
				ASSETCATALOG_COMPILER_APPICON_NAME = AppIcon;
				ASSETCATALOG_COMPILER_GLOBAL_ACCENT_COLOR_NAME = AccentColor;
				CODE_SIGN_STYLE = Automatic;
				DEVELOPMENT_TEAM = D954CAZSZD;
				INFOPLIST_FILE = SensorDataApp/Info.plist;
				IPHONEOS_DEPLOYMENT_TARGET = 13.0;
				LD_RUNPATH_SEARCH_PATHS = (
					"$(inherited)",
					"@executable_path/Frameworks",
				);
				PRODUCT_BUNDLE_IDENTIFIER = com.DenizCagilligecit.SensorDataApp;
				PRODUCT_NAME = "$(TARGET_NAME)";
				SWIFT_VERSION = 5.0;
				TARGETED_DEVICE_FAMILY = 1;
			};
			name = Release;
		};
/* End XCBuildConfiguration section */

/* Begin XCConfigurationList section */
		2A0DBF66266222DB0092AD27 /* Build configuration list for PBXProject "SensorDataApp" */ = {
			isa = XCConfigurationList;
			buildConfigurations = (
				2A0DBF80266222DD0092AD27 /* Debug */,
				2A0DBF81266222DD0092AD27 /* Release */,
			);
			defaultConfigurationIsVisible = 0;
			defaultConfigurationName = Release;
		};
		2A0DBF82266222DD0092AD27 /* Build configuration list for PBXNativeTarget "SensorDataApp" */ = {
			isa = XCConfigurationList;
			buildConfigurations = (
				2A0DBF83266222DD0092AD27 /* Debug */,
				2A0DBF84266222DD0092AD27 /* Release */,
			);
			defaultConfigurationIsVisible = 0;
			defaultConfigurationName = Release;
		};
/* End XCConfigurationList section */

/* Begin XCVersionGroup section */
		2A0DBF77266222DB0092AD27 /* SensorDataApp.xcdatamodeld */ = {
			isa = XCVersionGroup;
			children = (
				2A0DBF78266222DB0092AD27 /* SensorDataApp.xcdatamodel */,
			);
			currentVersion = 2A0DBF78266222DB0092AD27 /* SensorDataApp.xcdatamodel */;
			path = SensorDataApp.xcdatamodeld;
			sourceTree = "<group>";
			versionGroupType = wrapper.xcdatamodel;
		};
/* End XCVersionGroup section */
	};
	rootObject = 2A0DBF63266222DB0092AD27 /* Project object */;
}
